{
  "R": {
    "Version": "4.2.2",
    "Repositories": [
      {
        "Name": "CRAN",
        "URL": "http://cran-r.c3sl.ufpr.br"
      }
    ]
  },
  "Packages": {
    "DBI": {
      "Package": "DBI",
      "Version": "1.1.3",
      "Source": "Repository",
      "Repository": "CRAN",
      "Requirements": [
        "R",
        "methods"
      ],
      "Hash": "d0d9a365c08b9a8b31c73c26057160b1"
    },
    "MASS": {
      "Package": "MASS",
      "Version": "7.3-58.1",
      "Source": "Repository",
      "Repository": "CRAN",
      "Requirements": [
        "R",
        "grDevices",
        "graphics",
        "methods",
        "stats",
        "utils"
      ],
      "Hash": "762e1804143a332333c054759f89a706"
    },
    "Matrix": {
      "Package": "Matrix",
      "Version": "1.5-1",
      "Source": "Repository",
      "Repository": "CRAN",
      "Requirements": [
        "R",
        "graphics",
        "grid",
        "lattice",
        "methods",
        "stats",
        "utils"
      ],
      "Hash": "e168483a04ad06a18c565a4243f10f6c"
    },
    "R6": {
      "Package": "R6",
      "Version": "2.5.1",
      "Source": "Repository",
      "Repository": "CRAN",
      "Requirements": [
        "R"
      ],
      "Hash": "470851b6d5d0ac559e9d01bb352b4021"
    },
    "RColorBrewer": {
      "Package": "RColorBrewer",
      "Version": "1.1-3",
      "Source": "Repository",
      "Repository": "CRAN",
      "Requirements": [
        "R"
      ],
      "Hash": "11f9a0aaa4ca72bdfc3630153bdcab2d"
    },
    "Rcpp": {
      "Package": "Rcpp",
      "Version": "1.0.10",
      "Source": "Repository",
      "Repository": "CRAN",
      "Requirements": [
        "methods",
        "utils"
      ],
      "Hash": "a3f483b1cb1314f420924cacc17c2aa8"
    },
    "askpass": {
      "Package": "askpass",
      "Version": "1.1",
      "Source": "Repository",
      "Repository": "CRAN",
      "Requirements": [
        "sys"
      ],
      "Hash": "40223c3920b552b73dbd3c9b17f278b8"
    },
    "assertthat": {
      "Package": "assertthat",
      "Version": "0.2.1",
      "Source": "Repository",
      "Repository": "CRAN",
      "Requirements": [
        "tools"
      ],
      "Hash": "50c838a310445e954bc13f26f26a6ecf"
    },
    "backports": {
      "Package": "backports",
      "Version": "1.4.1",
      "Source": "Repository",
      "Repository": "CRAN",
      "Requirements": [
        "R"
      ],
      "Hash": "c39fbec8a30d23e721980b8afb31984c"
    },
    "base64enc": {
      "Package": "base64enc",
      "Version": "0.1-3",
      "Source": "Repository",
      "Repository": "CRAN",
      "Requirements": [
        "R"
      ],
      "Hash": "543776ae6848fde2f48ff3816d0628bc"
    },
    "bit": {
      "Package": "bit",
      "Version": "4.0.4",
      "Source": "Repository",
      "Repository": "CRAN",
      "Requirements": [
        "R"
      ],
      "Hash": "f36715f14d94678eea9933af927bc15d"
    },
    "bit64": {
      "Package": "bit64",
      "Version": "4.0.5",
      "Source": "Repository",
      "Repository": "CRAN",
      "Requirements": [
        "R",
        "bit",
        "methods",
        "stats",
        "utils"
      ],
      "Hash": "c81b666e218d604591980877aae6b88a"
    },
    "blob": {
      "Package": "blob",
      "Version": "1.2.3",
      "Source": "Repository",
      "Repository": "CRAN",
      "Requirements": [
        "methods",
        "rlang",
        "vctrs"
      ],
      "Hash": "10d231579bc9c06ab1c320618808d4ff"
    },
    "broom": {
      "Package": "broom",
      "Version": "1.0.1",
      "Source": "Repository",
      "Repository": "CRAN",
      "Requirements": [
        "R",
        "backports",
        "dplyr",
        "ellipsis",
        "generics",
        "ggplot2",
        "glue",
        "purrr",
        "rlang",
        "stringr",
        "tibble",
        "tidyr"
      ],
      "Hash": "9115b0ce93a85c36f44f03181ef47cab"
    },
    "bslib": {
      "Package": "bslib",
      "Version": "0.4.0",
      "Source": "Repository",
      "Repository": "CRAN",
      "Requirements": [
        "R",
        "cachem",
        "grDevices",
        "htmltools",
        "jquerylib",
        "jsonlite",
        "memoise",
        "rlang",
        "sass"
      ],
      "Hash": "be5ee090716ce1671be6cd5d7c34d091"
    },
    "cachem": {
      "Package": "cachem",
      "Version": "1.0.6",
      "Source": "Repository",
      "Repository": "CRAN",
      "Requirements": [
        "fastmap",
        "rlang"
      ],
      "Hash": "648c5b3d71e6a37e3043617489a0a0e9"
    },
    "callr": {
      "Package": "callr",
      "Version": "3.7.2",
      "Source": "Repository",
      "Repository": "CRAN",
      "Requirements": [
        "R",
        "R6",
        "processx",
        "utils"
      ],
      "Hash": "358689cac9fe93b1bb3a19088d2dbed8"
    },
    "cellranger": {
      "Package": "cellranger",
      "Version": "1.1.0",
      "Source": "Repository",
      "Repository": "CRAN",
      "Requirements": [
        "R",
        "rematch",
        "tibble"
      ],
      "Hash": "f61dbaec772ccd2e17705c1e872e9e7c"
    },
    "cli": {
      "Package": "cli",
      "Version": "3.4.1",
      "Source": "Repository",
      "Repository": "CRAN",
      "Requirements": [
        "R",
        "utils"
      ],
      "Hash": "a0f440e4ca0cea0ef44311171a7af8a5"
    },
    "clipr": {
      "Package": "clipr",
      "Version": "0.8.0",
      "Source": "Repository",
      "Repository": "CRAN",
      "Requirements": [
        "utils"
      ],
      "Hash": "3f038e5ac7f41d4ac41ce658c85e3042"
    },
    "colorspace": {
      "Package": "colorspace",
      "Version": "2.0-3",
      "Source": "Repository",
      "Repository": "CRAN",
      "Requirements": [
        "R",
        "grDevices",
        "graphics",
        "methods",
        "stats"
      ],
      "Hash": "c09d46add9da0c8eaf0825df505d2a17"
    },
    "commonmark": {
      "Package": "commonmark",
      "Version": "1.8.0",
      "Source": "Repository",
      "Repository": "CRAN",
      "Hash": "2ba81b120c1655ab696c935ef33ea716"
    },
    "cpp11": {
      "Package": "cpp11",
      "Version": "0.4.2",
      "Source": "Repository",
      "Repository": "CRAN",
      "Hash": "fa53ce256cd280f468c080a58ea5ba8c"
    },
    "crayon": {
      "Package": "crayon",
      "Version": "1.5.1",
      "Source": "Repository",
      "Repository": "CRAN",
      "Requirements": [
        "grDevices",
        "methods",
        "utils"
      ],
      "Hash": "8dc45fd8a1ee067a92b85ef274e66d6a"
    },
    "crosstalk": {
      "Package": "crosstalk",
      "Version": "1.2.0",
      "Source": "Repository",
      "Repository": "CRAN",
      "Requirements": [
        "R6",
        "htmltools",
        "jsonlite",
        "lazyeval"
      ],
      "Hash": "36c09349131ba4262ea2ecbd1c9a4bd3"
    },
    "curl": {
      "Package": "curl",
      "Version": "4.3.2",
      "Source": "Repository",
      "Repository": "CRAN",
      "Requirements": [
        "R"
      ],
      "Hash": "022c42d49c28e95d69ca60446dbabf88"
    },
    "data.table": {
      "Package": "data.table",
      "Version": "1.14.2",
      "Source": "Repository",
      "Repository": "CRAN",
      "Requirements": [
        "R",
        "methods"
      ],
      "Hash": "36b67b5adf57b292923f5659f5f0c853"
    },
    "dbplyr": {
      "Package": "dbplyr",
      "Version": "2.2.1",
      "Source": "Repository",
      "Repository": "CRAN",
      "Requirements": [
        "DBI",
        "R",
        "R6",
        "assertthat",
        "blob",
        "cli",
        "dplyr",
        "glue",
        "lifecycle",
        "magrittr",
        "methods",
        "pillar",
        "purrr",
        "rlang",
        "tibble",
        "tidyselect",
        "utils",
        "vctrs",
        "withr"
      ],
      "Hash": "f6c7eb9617e4d2a86bb7182fff99c805"
    },
    "digest": {
      "Package": "digest",
      "Version": "0.6.29",
      "Source": "Repository",
      "Repository": "CRAN",
      "Requirements": [
        "R",
        "utils"
      ],
      "Hash": "cf6b206a045a684728c3267ef7596190"
    },
    "dplyr": {
      "Package": "dplyr",
      "Version": "1.0.10",
      "Source": "Repository",
      "Repository": "CRAN",
      "Requirements": [
        "R",
        "R6",
        "generics",
        "glue",
        "lifecycle",
        "magrittr",
        "methods",
        "pillar",
        "rlang",
        "tibble",
        "tidyselect",
        "utils",
        "vctrs"
      ],
      "Hash": "93c7f046eddc3b35fce20c04e2e18e2b"
    },
    "dtplyr": {
      "Package": "dtplyr",
      "Version": "1.2.2",
      "Source": "Repository",
      "Repository": "CRAN",
      "Requirements": [
        "R",
        "crayon",
        "data.table",
        "dplyr",
        "ellipsis",
        "glue",
        "lifecycle",
        "rlang",
        "tibble",
        "tidyselect",
        "vctrs"
      ],
      "Hash": "c5f8828a0b459a703db190b001ad4818"
    },
    "ellipsis": {
      "Package": "ellipsis",
      "Version": "0.3.2",
      "Source": "Repository",
      "Repository": "CRAN",
      "Requirements": [
        "R",
        "rlang"
      ],
      "Hash": "3c150f6c43dfb5a76b1a69bfdb8ca287"
    },
    "evaluate": {
      "Package": "evaluate",
      "Version": "0.16",
      "Source": "Repository",
      "Repository": "CRAN",
      "Requirements": [
        "R",
        "methods"
      ],
      "Hash": "5fdbeede98a5c8009deb95d9505cf075"
    },
    "fansi": {
      "Package": "fansi",
      "Version": "1.0.3",
      "Source": "Repository",
      "Repository": "CRAN",
      "Requirements": [
        "R",
        "grDevices",
        "utils"
      ],
      "Hash": "83a8afdbe71839506baa9f90eebad7ec"
    },
    "farver": {
      "Package": "farver",
      "Version": "2.1.1",
      "Source": "Repository",
      "Repository": "CRAN",
      "Hash": "ca7a60ee5e058896c95d5189c9d5d218"
    },
    "fastmap": {
      "Package": "fastmap",
      "Version": "1.1.0",
      "Source": "Repository",
      "Repository": "CRAN",
      "Hash": "77bd60a6157420d4ffa93b27cf6a58b8"
    },
    "fontawesome": {
      "Package": "fontawesome",
      "Version": "0.5.0",
      "Source": "Repository",
      "Repository": "CRAN",
      "Requirements": [
        "R",
        "htmltools",
        "rlang"
      ],
      "Hash": "89e0affd52d71464c68e19ecf8b44658"
    },
    "forcats": {
      "Package": "forcats",
      "Version": "0.5.2",
      "Source": "Repository",
      "Repository": "CRAN",
      "Requirements": [
        "R",
        "cli",
        "ellipsis",
        "glue",
        "lifecycle",
        "magrittr",
        "rlang",
        "tibble",
        "withr"
      ],
      "Hash": "9d95bc88206321cd1bc98480ecfd74bb"
    },
    "fs": {
      "Package": "fs",
      "Version": "1.5.2",
      "Source": "Repository",
      "Repository": "CRAN",
      "Requirements": [
        "R",
        "methods"
      ],
      "Hash": "7c89603d81793f0d5486d91ab1fc6f1d"
    },
    "gargle": {
      "Package": "gargle",
      "Version": "1.2.1",
      "Source": "Repository",
      "Repository": "CRAN",
      "Requirements": [
        "R",
        "cli",
        "fs",
        "glue",
        "httr",
        "jsonlite",
        "rappdirs",
        "rlang",
        "rstudioapi",
        "stats",
        "utils",
        "withr"
      ],
      "Hash": "481eb5821c141c417665c80699ba3477"
    },
    "generics": {
      "Package": "generics",
      "Version": "0.1.3",
      "Source": "Repository",
      "Repository": "CRAN",
      "Requirements": [
        "R",
        "methods"
      ],
      "Hash": "15e9634c0fcd294799e9b2e929ed1b86"
    },
    "ggplot2": {
      "Package": "ggplot2",
      "Version": "3.4.0",
      "Source": "Repository",
      "Repository": "CRAN",
      "Requirements": [
        "MASS",
        "R",
        "cli",
        "glue",
        "grDevices",
        "grid",
        "gtable",
        "isoband",
        "lifecycle",
        "mgcv",
        "rlang",
        "scales",
        "stats",
        "tibble",
        "vctrs",
        "withr"
      ],
      "Hash": "ca8ff969251185bdee39726015a5856f"
    },
    "glue": {
      "Package": "glue",
      "Version": "1.6.2",
      "Source": "Repository",
      "Repository": "CRAN",
      "Requirements": [
        "R",
        "methods"
      ],
      "Hash": "2b1a3dfde68e8fdb5c1292474b9d7c63"
    },
    "googledrive": {
      "Package": "googledrive",
      "Version": "2.0.0",
      "Source": "Repository",
      "Repository": "CRAN",
      "Requirements": [
        "R",
        "cli",
        "gargle",
        "glue",
        "httr",
        "jsonlite",
        "lifecycle",
        "magrittr",
        "pillar",
        "purrr",
        "rlang",
        "tibble",
        "utils",
        "uuid",
        "vctrs",
        "withr"
      ],
      "Hash": "2203e91fdf04771d041ac037df5197c3"
    },
    "googlesheets4": {
      "Package": "googlesheets4",
      "Version": "1.0.1",
      "Source": "Repository",
      "Repository": "CRAN",
      "Requirements": [
        "R",
        "cellranger",
        "cli",
        "curl",
        "gargle",
        "glue",
        "googledrive",
        "httr",
        "ids",
        "magrittr",
        "methods",
        "purrr",
        "rematch2",
        "rlang",
        "tibble",
        "utils",
        "vctrs"
      ],
      "Hash": "e59c0b5aac6826a3a74cb72254e1d7e8"
    },
    "gridExtra": {
      "Package": "gridExtra",
      "Version": "2.3",
      "Source": "Repository",
      "Repository": "CRAN",
      "Requirements": [
        "grDevices",
        "graphics",
        "grid",
        "gtable",
        "utils"
      ],
      "Hash": "7d7f283939f563670a697165b2cf5560"
    },
    "gtable": {
      "Package": "gtable",
      "Version": "0.3.1",
      "Source": "Repository",
      "Repository": "CRAN",
      "Requirements": [
        "R",
        "grid"
      ],
      "Hash": "36b4265fb818f6a342bed217549cd896"
    },
    "haven": {
      "Package": "haven",
      "Version": "2.5.1",
      "Source": "Repository",
      "Repository": "CRAN",
      "Requirements": [
        "R",
        "cli",
        "cpp11",
        "forcats",
        "hms",
        "lifecycle",
        "methods",
        "readr",
        "rlang",
        "tibble",
        "tidyselect",
        "vctrs"
      ],
      "Hash": "0635f427a985f269b0a656ed8cb70441"
    },
    "highr": {
      "Package": "highr",
      "Version": "0.9",
      "Source": "Repository",
      "Repository": "CRAN",
      "Requirements": [
        "R",
        "xfun"
      ],
      "Hash": "39802169c162bf5f263f66df5d30536a"
    },
    "hms": {
      "Package": "hms",
      "Version": "1.1.2",
      "Source": "Repository",
      "Repository": "CRAN",
      "Requirements": [
        "ellipsis",
        "lifecycle",
        "methods",
        "pkgconfig",
        "rlang",
        "vctrs"
      ],
      "Hash": "41100392191e1244b887878b533eea91"
    },
    "htmltools": {
      "Package": "htmltools",
      "Version": "0.5.4",
      "Source": "Repository",
      "Repository": "CRAN",
      "Requirements": [
        "R",
        "base64enc",
        "digest",
        "ellipsis",
        "fastmap",
        "grDevices",
        "rlang",
        "utils"
      ],
      "Hash": "0e4da77c570601acad3ad926b98d5636"
    },
    "htmlwidgets": {
      "Package": "htmlwidgets",
      "Version": "1.5.4",
      "Source": "Repository",
      "Repository": "CRAN",
      "Requirements": [
        "grDevices",
        "htmltools",
        "jsonlite",
        "yaml"
      ],
      "Hash": "6d7310ade344ea32f7066acb6532281c"
    },
    "httpuv": {
      "Package": "httpuv",
      "Version": "1.6.6",
      "Source": "Repository",
      "Repository": "CRAN",
      "Requirements": [
        "R",
        "R6",
        "Rcpp",
        "later",
        "promises",
        "utils"
      ],
      "Hash": "fd090e236ae2dc0f0cdf33a9ec83afb6"
    },
    "httr": {
      "Package": "httr",
      "Version": "1.4.4",
      "Source": "Repository",
      "Repository": "CRAN",
      "Requirements": [
        "R",
        "R6",
        "curl",
        "jsonlite",
        "mime",
        "openssl"
      ],
      "Hash": "57557fac46471f0dbbf44705cc6a5c8c"
    },
    "ids": {
      "Package": "ids",
      "Version": "1.0.1",
      "Source": "Repository",
      "Repository": "CRAN",
      "Requirements": [
        "openssl",
        "uuid"
      ],
      "Hash": "99df65cfef20e525ed38c3d2577f7190"
    },
    "isoband": {
      "Package": "isoband",
      "Version": "0.2.5",
      "Source": "Repository",
      "Repository": "CRAN",
      "Requirements": [
        "grid",
        "utils"
      ],
      "Hash": "46cd66518b1daaf7b7c5dda7d992e906"
    },
    "jquerylib": {
      "Package": "jquerylib",
      "Version": "0.1.4",
      "Source": "Repository",
      "Repository": "CRAN",
      "Requirements": [
        "htmltools"
      ],
      "Hash": "5aab57a3bd297eee1c1d862735972182"
    },
    "jsonlite": {
      "Package": "jsonlite",
      "Version": "1.8.0",
      "Source": "Repository",
      "Repository": "CRAN",
      "Requirements": [
        "methods"
      ],
      "Hash": "d07e729b27b372429d42d24d503613a0"
    },
    "knitr": {
      "Package": "knitr",
      "Version": "1.40",
      "Source": "Repository",
      "Repository": "CRAN",
      "Requirements": [
        "R",
        "evaluate",
        "highr",
        "methods",
        "stringr",
        "tools",
        "xfun",
        "yaml"
      ],
      "Hash": "0b354894d90a29f0604715a33c84d767"
    },
    "labeling": {
      "Package": "labeling",
      "Version": "0.4.2",
      "Source": "Repository",
      "Repository": "CRAN",
      "Requirements": [
        "graphics",
        "stats"
      ],
      "Hash": "3d5108641f47470611a32d0bdf357a72"
    },
    "later": {
      "Package": "later",
      "Version": "1.3.0",
      "Source": "Repository",
      "Repository": "CRAN",
      "Requirements": [
        "Rcpp",
        "rlang"
      ],
      "Hash": "b07c74bc53796710068b770761acbab8"
    },
    "lattice": {
      "Package": "lattice",
      "Version": "0.20-45",
      "Source": "Repository",
      "Repository": "CRAN",
      "Requirements": [
        "R",
        "grDevices",
        "graphics",
        "grid",
        "stats",
        "utils"
      ],
      "Hash": "b64cdbb2b340437c4ee047a1f4c4377b"
    },
    "lazyeval": {
      "Package": "lazyeval",
      "Version": "0.2.2",
      "Source": "Repository",
      "Repository": "CRAN",
      "Requirements": [
        "R"
      ],
      "Hash": "d908914ae53b04d4c0c0fd72ecc35370"
    },
    "leaflet": {
      "Package": "leaflet",
      "Version": "2.1.2",
      "Source": "Repository",
      "Repository": "CRAN",
      "Requirements": [
        "R",
        "RColorBrewer",
        "base64enc",
        "crosstalk",
        "htmltools",
        "htmlwidgets",
        "leaflet.providers",
        "magrittr",
        "markdown",
        "methods",
        "png",
        "raster",
        "scales",
        "sp",
        "stats",
        "viridis"
      ],
      "Hash": "ac2c7f21c2a6d2579eed8aaae4c42610"
    },
    "leaflet.providers": {
      "Package": "leaflet.providers",
      "Version": "1.9.0",
      "Source": "Repository",
      "Repository": "CRAN",
      "Requirements": [
        "R"
      ],
      "Hash": "f1d6ffa1d60d2a8fab543b0b730824f6"
    },
    "lifecycle": {
      "Package": "lifecycle",
      "Version": "1.0.3",
      "Source": "Repository",
      "Repository": "CRAN",
      "Requirements": [
        "R",
        "cli",
        "glue",
        "rlang"
      ],
      "Hash": "f64421e91f757d0cdc1b3844591e5f34"
    },
    "lubridate": {
      "Package": "lubridate",
      "Version": "1.9.2",
      "Source": "Repository",
      "Repository": "CRAN",
      "Requirements": [
        "R",
        "generics",
        "methods",
        "timechange"
      ],
      "Hash": "e25f18436e3efd42c7c590a1c4c15390"
    },
    "magrittr": {
      "Package": "magrittr",
      "Version": "2.0.3",
      "Source": "Repository",
      "Repository": "CRAN",
      "Requirements": [
        "R"
      ],
      "Hash": "7ce2733a9826b3aeb1775d56fd305472"
    },
    "markdown": {
      "Package": "markdown",
      "Version": "1.1",
      "Source": "Repository",
      "Repository": "CRAN",
      "Requirements": [
        "R",
        "mime",
        "utils",
        "xfun"
      ],
      "Hash": "485812186ec3c0ca1cea3bb85e452f57"
    },
    "memoise": {
      "Package": "memoise",
      "Version": "2.0.1",
      "Source": "Repository",
      "Repository": "CRAN",
      "Requirements": [
        "cachem",
        "rlang"
      ],
      "Hash": "e2817ccf4a065c5d9d7f2cfbe7c1d78c"
    },
    "mgcv": {
      "Package": "mgcv",
      "Version": "1.8-41",
      "Source": "Repository",
      "Repository": "CRAN",
      "Requirements": [
        "Matrix",
        "R",
        "graphics",
        "methods",
        "nlme",
        "splines",
        "stats",
        "utils"
      ],
      "Hash": "e420d89c8ba5f498924872bbdda58a3e"
    },
    "mime": {
      "Package": "mime",
      "Version": "0.12",
      "Source": "Repository",
      "Repository": "CRAN",
      "Requirements": [
        "tools"
      ],
      "Hash": "18e9c28c1d3ca1560ce30658b22ce104"
    },
    "modelr": {
      "Package": "modelr",
      "Version": "0.1.9",
      "Source": "Repository",
      "Repository": "CRAN",
      "Requirements": [
        "R",
        "broom",
        "magrittr",
        "purrr",
        "rlang",
        "tibble",
        "tidyr",
        "tidyselect",
        "vctrs"
      ],
      "Hash": "ce70fef14a09fd1cab1f3792a0e210c1"
    },
    "munsell": {
      "Package": "munsell",
      "Version": "0.5.0",
      "Source": "Repository",
      "Repository": "CRAN",
      "Requirements": [
        "colorspace",
        "methods"
      ],
      "Hash": "6dfe8bf774944bd5595785e3229d8771"
    },
    "nlme": {
      "Package": "nlme",
      "Version": "3.1-160",
      "Source": "Repository",
      "Repository": "CRAN",
      "Requirements": [
        "R",
        "graphics",
        "lattice",
        "stats",
        "utils"
      ],
      "Hash": "02e3c6e7df163aafa8477225e6827bc5"
    },
    "openssl": {
      "Package": "openssl",
      "Version": "2.0.2",
      "Source": "Repository",
      "Repository": "CRAN",
      "Requirements": [
        "askpass"
      ],
      "Hash": "6d3bef2e305f55c705c674653c7d7d3d"
    },
    "pillar": {
      "Package": "pillar",
      "Version": "1.8.1",
      "Source": "Repository",
      "Repository": "CRAN",
      "Requirements": [
        "cli",
        "fansi",
        "glue",
        "lifecycle",
        "rlang",
        "utf8",
        "utils",
        "vctrs"
      ],
      "Hash": "f2316df30902c81729ae9de95ad5a608"
    },
    "pkgconfig": {
      "Package": "pkgconfig",
      "Version": "2.0.3",
      "Source": "Repository",
      "Repository": "CRAN",
      "Requirements": [
        "utils"
      ],
      "Hash": "01f28d4278f15c76cddbea05899c5d6f"
    },
    "plotly": {
      "Package": "plotly",
      "Version": "4.10.1",
      "Source": "Repository",
      "Repository": "CRAN",
      "Requirements": [
        "R",
        "RColorBrewer",
        "base64enc",
        "crosstalk",
        "data.table",
        "digest",
        "dplyr",
        "ggplot2",
        "htmltools",
        "htmlwidgets",
        "httr",
        "jsonlite",
        "lazyeval",
        "magrittr",
        "promises",
        "purrr",
        "rlang",
        "scales",
        "tibble",
        "tidyr",
        "tools",
        "vctrs",
        "viridisLite"
      ],
      "Hash": "dfa1f5744d9fdf06679376dd7fed9483"
    },
    "png": {
      "Package": "png",
      "Version": "0.1-7",
      "Source": "Repository",
      "Repository": "CRAN",
      "Requirements": [
        "R"
      ],
      "Hash": "03b7076c234cb3331288919983326c55"
    },
    "prettyunits": {
      "Package": "prettyunits",
      "Version": "1.1.1",
      "Source": "Repository",
      "Repository": "CRAN",
      "Hash": "81c57d57b74d2901633293b50822b51e"
    },
    "processx": {
      "Package": "processx",
      "Version": "3.7.0",
      "Source": "Repository",
      "Repository": "CRAN",
      "Requirements": [
        "R",
        "R6",
        "ps",
        "utils"
      ],
      "Hash": "f91df0f5f31ffdf88bc0b624f5ebab0f"
    },
    "progress": {
      "Package": "progress",
      "Version": "1.2.2",
      "Source": "Repository",
      "Repository": "CRAN",
      "Requirements": [
        "R6",
        "crayon",
        "hms",
        "prettyunits"
      ],
      "Hash": "14dc9f7a3c91ebb14ec5bb9208a07061"
    },
    "promises": {
      "Package": "promises",
      "Version": "1.2.0.1",
      "Source": "Repository",
      "Repository": "CRAN",
      "Requirements": [
        "R6",
        "Rcpp",
        "later",
        "magrittr",
        "rlang",
        "stats"
      ],
      "Hash": "4ab2c43adb4d4699cf3690acd378d75d"
    },
    "ps": {
      "Package": "ps",
      "Version": "1.7.1",
      "Source": "Repository",
      "Repository": "CRAN",
      "Requirements": [
        "R",
        "utils"
      ],
      "Hash": "8b93531308c01ad0e56d9eadcc0c4fcd"
    },
    "purrr": {
      "Package": "purrr",
      "Version": "1.0.1",
      "Source": "Repository",
      "Repository": "CRAN",
      "Requirements": [
        "R",
        "cli",
        "lifecycle",
        "magrittr",
        "rlang",
        "vctrs"
      ],
      "Hash": "d71c815267c640f17ddbf7f16144b4bb"
    },
    "rappdirs": {
      "Package": "rappdirs",
      "Version": "0.3.3",
      "Source": "Repository",
      "Repository": "CRAN",
      "Requirements": [
        "R"
      ],
      "Hash": "1c3bb00ca681781e8dacd7378fa17101"
    },
    "raster": {
      "Package": "raster",
      "Version": "3.6-20",
      "Source": "Repository",
      "Repository": "CRAN",
      "Requirements": [
        "R",
        "Rcpp",
        "methods",
        "sp",
        "terra"
      ],
      "Hash": "ebebd9f0f203a129eb2da96470191b82"
    },
    "readr": {
      "Package": "readr",
      "Version": "2.1.2",
      "Source": "Repository",
      "Repository": "CRAN",
      "Requirements": [
        "R",
        "R6",
        "cli",
        "clipr",
        "cpp11",
        "crayon",
        "hms",
        "lifecycle",
        "methods",
        "rlang",
        "tibble",
        "tzdb",
        "utils",
        "vroom"
      ],
      "Hash": "a5b181e7bbf09a9a985ef7df92e2db8d"
    },
    "readxl": {
      "Package": "readxl",
      "Version": "1.4.1",
      "Source": "Repository",
      "Repository": "CRAN",
      "Requirements": [
        "R",
        "cellranger",
        "cpp11",
        "progress",
        "tibble",
        "utils"
      ],
      "Hash": "90ac534fe9424ad1decfe037f2360d01"
    },
    "rematch": {
      "Package": "rematch",
      "Version": "1.0.1",
      "Source": "Repository",
      "Repository": "CRAN",
      "Hash": "c66b930d20bb6d858cd18e1cebcfae5c"
    },
    "rematch2": {
      "Package": "rematch2",
      "Version": "2.1.2",
      "Source": "Repository",
      "Repository": "CRAN",
      "Requirements": [
        "tibble"
      ],
      "Hash": "76c9e04c712a05848ae7a23d2f170a40"
    },
    "renv": {
      "Package": "renv",
      "Version": "0.17.1",
      "Source": "Repository",
      "Repository": "CRAN",
      "Requirements": [
        "utils"
      ],
      "Hash": "7a319d4e5743230d48bfd9ad42d02c2e"
    },
    "reprex": {
      "Package": "reprex",
      "Version": "2.0.2",
      "Source": "Repository",
      "Repository": "CRAN",
      "Requirements": [
        "R",
        "callr",
        "cli",
        "clipr",
        "fs",
        "glue",
        "knitr",
        "lifecycle",
        "rlang",
        "rmarkdown",
        "rstudioapi",
        "utils",
        "withr"
      ],
      "Hash": "5dcec2640ca812b593874d394713c79d"
    },
    "rlang": {
      "Package": "rlang",
      "Version": "1.0.6",
      "Source": "Repository",
      "Repository": "CRAN",
      "Requirements": [
        "R",
        "utils"
      ],
      "Hash": "4ed1f8336c8d52c3e750adcdc57228a7"
    },
    "rmarkdown": {
      "Package": "rmarkdown",
      "Version": "2.16",
      "Source": "Repository",
      "Repository": "CRAN",
      "Requirements": [
        "R",
        "bslib",
        "evaluate",
        "htmltools",
        "jquerylib",
        "jsonlite",
        "knitr",
        "methods",
        "stringr",
        "tinytex",
        "tools",
        "utils",
        "xfun",
        "yaml"
      ],
      "Hash": "060a449710fd0283f9d36b0d3af62dc7"
    },
    "rstudioapi": {
      "Package": "rstudioapi",
      "Version": "0.14",
      "Source": "Repository",
      "Repository": "CRAN",
      "Hash": "690bd2acc42a9166ce34845884459320"
    },
    "rvest": {
      "Package": "rvest",
      "Version": "1.0.3",
      "Source": "Repository",
      "Repository": "CRAN",
      "Requirements": [
        "R",
        "cli",
        "glue",
        "httr",
        "lifecycle",
        "magrittr",
        "rlang",
        "selectr",
        "tibble",
        "withr",
        "xml2"
      ],
      "Hash": "a4a5ac819a467808c60e36e92ddf195e"
    },
    "sass": {
      "Package": "sass",
      "Version": "0.4.2",
      "Source": "Repository",
      "Repository": "CRAN",
      "Requirements": [
        "R6",
        "fs",
        "htmltools",
        "rappdirs",
        "rlang"
      ],
      "Hash": "122da46ab58c8d690a2c84e5f0e6dfa0"
    },
    "scales": {
      "Package": "scales",
      "Version": "1.2.1",
      "Source": "Repository",
      "Repository": "CRAN",
      "Requirements": [
        "R",
        "R6",
        "RColorBrewer",
        "farver",
        "labeling",
        "lifecycle",
        "munsell",
        "rlang",
        "viridisLite"
      ],
      "Hash": "906cb23d2f1c5680b8ce439b44c6fa63"
    },
    "selectr": {
      "Package": "selectr",
      "Version": "0.4-2",
      "Source": "Repository",
      "Repository": "CRAN",
      "Requirements": [
        "R",
        "R6",
        "methods",
        "stringr"
      ],
      "Hash": "e47e7e8c7b89de5300a51e6a9d1f8594"
    },
    "shiny": {
      "Package": "shiny",
      "Version": "1.7.4",
      "Source": "Repository",
      "Repository": "CRAN",
      "Requirements": [
        "R",
        "R6",
        "bslib",
        "cachem",
        "commonmark",
        "crayon",
        "ellipsis",
        "fastmap",
        "fontawesome",
        "glue",
        "grDevices",
        "htmltools",
        "httpuv",
        "jsonlite",
        "later",
        "lifecycle",
        "methods",
        "mime",
        "promises",
        "rlang",
        "sourcetools",
        "tools",
        "utils",
        "withr",
        "xtable"
      ],
      "Hash": "6f8f861f697b13f4668087a7a0bf224e"
    },
    "sourcetools": {
      "Package": "sourcetools",
      "Version": "0.1.7",
      "Source": "Repository",
      "Repository": "CRAN",
      "Requirements": [
        "R"
      ],
      "Hash": "947e4e02a79effa5d512473e10f41797"
    },
    "sp": {
      "Package": "sp",
      "Version": "1.6-0",
      "Source": "Repository",
      "Repository": "CRAN",
      "Requirements": [
        "R",
        "grDevices",
        "graphics",
        "grid",
        "lattice",
        "methods",
        "stats",
        "utils"
      ],
      "Hash": "6674e075a078d9c3bde8ba800367347c"
    },
    "stringi": {
      "Package": "stringi",
      "Version": "1.7.8",
      "Source": "Repository",
      "Repository": "CRAN",
      "Requirements": [
        "R",
        "stats",
        "tools",
        "utils"
      ],
      "Hash": "cfc223ed0feee45626fd71e24703aa04"
    },
    "stringr": {
      "Package": "stringr",
      "Version": "1.4.1",
      "Source": "Repository",
      "Repository": "CRAN",
      "Requirements": [
        "R",
        "glue",
        "magrittr",
        "stringi"
      ],
      "Hash": "a66ad12140cd34d4f9dfcc19e84fc2a5"
    },
    "sys": {
      "Package": "sys",
      "Version": "3.4",
      "Source": "Repository",
      "Repository": "CRAN",
      "Hash": "b227d13e29222b4574486cfcbde077fa"
    },
    "terra": {
      "Package": "terra",
      "Version": "1.7-18",
      "Source": "Repository",
      "Repository": "CRAN",
      "Requirements": [
        "R",
        "Rcpp",
        "methods"
      ],
      "Hash": "3a7de97ad0004c02639c88a6e12facb1"
    },
    "thematic": {
      "Package": "thematic",
      "Version": "0.1.2.1",
      "Source": "Repository",
      "Repository": "CRAN",
      "Requirements": [
        "R",
        "farver",
        "ggplot2",
        "grDevices",
        "graphics",
        "grid",
        "rappdirs",
        "rlang",
        "rstudioapi",
        "scales",
        "utils"
      ],
      "Hash": "aa9d20d2744874e7a72ce6abfd8717fa"
    },
    "tibble": {
      "Package": "tibble",
      "Version": "3.1.8",
      "Source": "Repository",
      "Repository": "CRAN",
      "Requirements": [
        "R",
        "fansi",
        "lifecycle",
        "magrittr",
        "methods",
        "pillar",
        "pkgconfig",
        "rlang",
        "utils",
        "vctrs"
      ],
      "Hash": "56b6934ef0f8c68225949a8672fe1a8f"
    },
    "tidyr": {
      "Package": "tidyr",
      "Version": "1.2.1",
      "Source": "Repository",
      "Repository": "CRAN",
      "Requirements": [
        "R",
        "cpp11",
        "dplyr",
        "ellipsis",
        "glue",
        "lifecycle",
        "magrittr",
        "purrr",
        "rlang",
        "tibble",
        "tidyselect",
        "utils",
        "vctrs"
      ],
      "Hash": "cdb403db0de33ccd1b6f53b83736efa8"
    },
    "tidyselect": {
      "Package": "tidyselect",
      "Version": "1.1.2",
      "Source": "Repository",
      "Repository": "CRAN",
      "Requirements": [
        "R",
        "ellipsis",
        "glue",
        "purrr",
        "rlang",
        "vctrs"
      ],
      "Hash": "17f6da8cfd7002760a859915ce7eef8f"
    },
    "tidyverse": {
      "Package": "tidyverse",
      "Version": "1.3.2",
      "Source": "Repository",
      "Repository": "CRAN",
      "Requirements": [
        "R",
        "broom",
        "cli",
        "crayon",
        "dbplyr",
        "dplyr",
        "dtplyr",
        "forcats",
        "ggplot2",
        "googledrive",
        "googlesheets4",
        "haven",
        "hms",
        "httr",
        "jsonlite",
        "lubridate",
        "magrittr",
        "modelr",
        "pillar",
        "purrr",
        "readr",
        "readxl",
        "reprex",
        "rlang",
        "rstudioapi",
        "rvest",
        "stringr",
        "tibble",
        "tidyr",
        "xml2"
      ],
      "Hash": "991d678ce4ee43fbe921a80102aa0bf2"
    },
    "timechange": {
      "Package": "timechange",
      "Version": "0.2.0",
      "Source": "Repository",
      "Repository": "CRAN",
      "Requirements": [
        "R",
        "cpp11"
      ],
      "Hash": "7cf90a32f4dba2b662078379b6696873"
    },
    "tinytex": {
      "Package": "tinytex",
      "Version": "0.41",
      "Source": "Repository",
      "Repository": "CRAN",
      "Requirements": [
        "xfun"
      ],
      "Hash": "bec69106f0ca3019a53d94a2e4a0e5e0"
    },
    "tzdb": {
      "Package": "tzdb",
      "Version": "0.3.0",
      "Source": "Repository",
      "Repository": "CRAN",
      "Requirements": [
        "R",
        "cpp11"
      ],
      "Hash": "b2e1cbce7c903eaf23ec05c58e59fb5e"
    },
    "utf8": {
      "Package": "utf8",
      "Version": "1.2.2",
      "Source": "Repository",
      "Repository": "CRAN",
      "Requirements": [
        "R"
      ],
      "Hash": "c9c462b759a5cc844ae25b5942654d13"
    },
    "uuid": {
      "Package": "uuid",
      "Version": "1.1-0",
      "Source": "Repository",
      "Repository": "CRAN",
      "Requirements": [
        "R"
      ],
      "Hash": "f1cb46c157d080b729159d407be83496"
    },
    "vctrs": {
      "Package": "vctrs",
      "Version": "0.5.1",
      "Source": "Repository",
      "Repository": "CRAN",
      "Requirements": [
        "R",
        "cli",
        "glue",
        "lifecycle",
        "rlang"
      ],
      "Hash": "970324f6572b4fd81db507b5d4062cb0"
    },
    "viridis": {
      "Package": "viridis",
      "Version": "0.6.2",
      "Source": "Repository",
      "Repository": "CRAN",
      "Requirements": [
        "R",
        "ggplot2",
        "gridExtra",
        "stats",
        "viridisLite"
      ],
      "Hash": "dca7f4f71fc1074dfb62ea17dbd1af3d"
    },
    "viridisLite": {
      "Package": "viridisLite",
      "Version": "0.4.1",
      "Source": "Repository",
      "Repository": "CRAN",
      "Requirements": [
        "R"
      ],
      "Hash": "68f738cb49e508fe6428620d3fd90f4e"
    },
    "vroom": {
      "Package": "vroom",
      "Version": "1.5.7",
      "Source": "Repository",
      "Repository": "CRAN",
      "Requirements": [
        "R",
        "bit64",
        "cli",
        "cpp11",
        "crayon",
        "glue",
        "hms",
        "lifecycle",
        "methods",
        "progress",
        "rlang",
        "stats",
        "tibble",
        "tidyselect",
        "tzdb",
        "vctrs",
        "withr"
      ],
      "Hash": "7c475b1ab13b094705d98b1ae46bab63"
    },
    "withr": {
      "Package": "withr",
      "Version": "2.5.0",
      "Source": "Repository",
      "Repository": "CRAN",
      "Requirements": [
        "R",
        "grDevices",
        "graphics",
        "stats"
      ],
      "Hash": "c0e49a9760983e81e55cdd9be92e7182"
    },
    "xfun": {
      "Package": "xfun",
      "Version": "0.32",
      "Source": "Repository",
      "Repository": "CRAN",
      "Requirements": [
        "stats",
        "tools"
      ],
      "Hash": "e87e78fc95cfa517b87b167ba59301ab"
    },
    "xml2": {
      "Package": "xml2",
      "Version": "1.3.3",
      "Source": "Repository",
      "Repository": "CRAN",
      "Requirements": [
        "R",
        "methods"
      ],
      "Hash": "40682ed6a969ea5abfd351eb67833adc"
    },
    "xtable": {
      "Package": "xtable",
      "Version": "1.8-4",
      "Source": "Repository",
      "Repository": "CRAN",
      "Requirements": [
        "R",
        "stats",
        "utils"
      ],
      "Hash": "b8acdf8af494d9ec19ccb2481a9b11c2"
    },
    "yaml": {
      "Package": "yaml",
      "Version": "2.3.5",
      "Source": "Repository",
      "Repository": "CRAN",
      "Hash": "6ef568dfa6bd53da5dc9580822e0b849"
    }
  }
}
